
Microsoft Visual Studio Solution File, Format Version 12.00
# Visual Studio Version 17
VisualStudioVersion = 17.4.33110.190
MinimumVisualStudioVersion = 10.0.40219.1
Project("{9A19103F-16F7-4668-BE54-9A1E7A4F7556}") = "Shoppy.Catalog.Domain", "Shoppy.Catalog.Domain\Shoppy.Catalog.Domain.csproj", "{2D7D8E64-FC27-460B-A014-5BC6C0451968}"
EndProject
Project("{9A19103F-16F7-4668-BE54-9A1E7A4F7556}") = "Shoppy.Catalog.Application", "Shoppy.Catalog.Application\Shoppy.Catalog.Application.csproj", "{FA3065BB-C144-4BC9-9F50-1F574F22F566}"
EndProject
Project("{9A19103F-16F7-4668-BE54-9A1E7A4F7556}") = "Shoppy.Catalog.Resources", "Shoppy.Catalog.Resources\Shoppy.Catalog.Resources.csproj", "{69D62D21-5F32-4198-A094-5F3B140ADC07}"
EndProject
Project("{9A19103F-16F7-4668-BE54-9A1E7A4F7556}") = "Shoppy.Catalog.Persistence.EF", "Shoppy.Catalog.Persistence.EF\Shoppy.Catalog.Persistence.EF.csproj", "{1F31EE69-9059-40F5-9C88-D6B1731BEA4A}"
EndProject
Project("{9A19103F-16F7-4668-BE54-9A1E7A4F7556}") = "Shoppy.Catalog.Presentation.Api", "Shoppy.Catalog.Presentation.Api\Shoppy.Catalog.Presentation.Api.csproj", "{F145A115-3D16-4891-8763-2F14763253D6}"
EndProject
Global
	GlobalSection(SolutionConfigurationPlatforms) = preSolution
		Debug|Any CPU = Debug|Any CPU
		Release|Any CPU = Release|Any CPU
	EndGlobalSection
	GlobalSection(ProjectConfigurationPlatforms) = postSolution
		{2D7D8E64-FC27-460B-A014-5BC6C0451968}.Debug|Any CPU.ActiveCfg = Debug|Any CPU
		{2D7D8E64-FC27-460B-A014-5BC6C0451968}.Debug|Any CPU.Build.0 = Debug|Any CPU
		{2D7D8E64-FC27-460B-A014-5BC6C0451968}.Release|Any CPU.ActiveCfg = Release|Any CPU
		{2D7D8E64-FC27-460B-A014-5BC6C0451968}.Release|Any CPU.Build.0 = Release|Any CPU
		{FA3065BB-C144-4BC9-9F50-1F574F22F566}.Debug|Any CPU.ActiveCfg = Debug|Any CPU
		{FA3065BB-C144-4BC9-9F50-1F574F22F566}.Debug|Any CPU.Build.0 = Debug|Any CPU
		{FA3065BB-C144-4BC9-9F50-1F574F22F566}.Release|Any CPU.ActiveCfg = Release|Any CPU
		{FA3065BB-C144-4BC9-9F50-1F574F22F566}.Release|Any CPU.Build.0 = Release|Any CPU
		{69D62D21-5F32-4198-A094-5F3B140ADC07}.Debug|Any CPU.ActiveCfg = Debug|Any CPU
		{69D62D21-5F32-4198-A094-5F3B140ADC07}.Debug|Any CPU.Build.0 = Debug|Any CPU
		{69D62D21-5F32-4198-A094-5F3B140ADC07}.Release|Any CPU.ActiveCfg = Release|Any CPU
		{69D62D21-5F32-4198-A094-5F3B140ADC07}.Release|Any CPU.Build.0 = Release|Any CPU
		{1F31EE69-9059-40F5-9C88-D6B1731BEA4A}.Debug|Any CPU.ActiveCfg = Debug|Any CPU
		{1F31EE69-9059-40F5-9C88-D6B1731BEA4A}.Debug|Any CPU.Build.0 = Debug|Any CPU
		{1F31EE69-9059-40F5-9C88-D6B1731BEA4A}.Release|Any CPU.ActiveCfg = Release|Any CPU
		{1F31EE69-9059-40F5-9C88-D6B1731BEA4A}.Release|Any CPU.Build.0 = Release|Any CPU
		{F145A115-3D16-4891-8763-2F14763253D6}.Debug|Any CPU.ActiveCfg = Debug|Any CPU
		{F145A115-3D16-4891-8763-2F14763253D6}.Debug|Any CPU.Build.0 = Debug|Any CPU
		{F145A115-3D16-4891-8763-2F14763253D6}.Release|Any CPU.ActiveCfg = Release|Any CPU
		{F145A115-3D16-4891-8763-2F14763253D6}.Release|Any CPU.Build.0 = Release|Any CPU
	EndGlobalSection
	GlobalSection(SolutionProperties) = preSolution
		HideSolutionNode = FALSE
	EndGlobalSection
	GlobalSection(ExtensibilityGlobals) = postSolution
		SolutionGuid = {4D2DEC33-DDEF-49F9-8DFF-488A45A5CB9A}
	EndGlobalSection
EndGlobal
