
Microsoft Visual Studio Solution File, Format Version 12.00
# Visual Studio Version 17
VisualStudioVersion = 17.2.32505.173
MinimumVisualStudioVersion = 10.0.40219.1
Project("{FAE04EC0-301F-11D3-BF4B-00C04F79EFBC}") = "Shoppy.Catalog.Resources", "Shoppy.Catalog.Resources\Shoppy.Catalog.Resources.csproj", "{AFAC34EC-CE5A-4BDF-887B-EB581C745D7D}"
EndProject
Project("{FAE04EC0-301F-11D3-BF4B-00C04F79EFBC}") = "Shoppy.Catalog.Domain", "Shoppy.Catalog.Domain\Shoppy.Catalog.Domain.csproj", "{D825348D-3882-4C0F-83F6-6AA308D3C927}"
EndProject
Project("{FAE04EC0-301F-11D3-BF4B-00C04F79EFBC}") = "Shoppy.Catalog.Application", "Shoppy.Catalog.Application\Shoppy.Catalog.Application.csproj", "{E285EF21-927C-4BC6-8245-B36E678B95C1}"
EndProject
Project("{FAE04EC0-301F-11D3-BF4B-00C04F79EFBC}") = "Shoppy.Catalog.Persistence.EF", "Shoppy.Catalog.Persistence.EF\Shoppy.Catalog.Persistence.EF.csproj", "{20168E74-A9B8-456D-B2D7-FED601D02788}"
EndProject
Project("{FAE04EC0-301F-11D3-BF4B-00C04F79EFBC}") = "Shoppy.Catalog.Presentation.Api", "Shoppy.Catalog.Presentation.Api\Shoppy.Catalog.Presentation.Api.csproj", "{74CA3BF1-6203-494D-9E0B-FAB43E90B301}"
EndProject
Global
	GlobalSection(SolutionConfigurationPlatforms) = preSolution
		Debug|Any CPU = Debug|Any CPU
		Release|Any CPU = Release|Any CPU
	EndGlobalSection
	GlobalSection(ProjectConfigurationPlatforms) = postSolution
		{AFAC34EC-CE5A-4BDF-887B-EB581C745D7D}.Debug|Any CPU.ActiveCfg = Debug|Any CPU
		{AFAC34EC-CE5A-4BDF-887B-EB581C745D7D}.Debug|Any CPU.Build.0 = Debug|Any CPU
		{AFAC34EC-CE5A-4BDF-887B-EB581C745D7D}.Release|Any CPU.ActiveCfg = Release|Any CPU
		{AFAC34EC-CE5A-4BDF-887B-EB581C745D7D}.Release|Any CPU.Build.0 = Release|Any CPU
		{D825348D-3882-4C0F-83F6-6AA308D3C927}.Debug|Any CPU.ActiveCfg = Debug|Any CPU
		{D825348D-3882-4C0F-83F6-6AA308D3C927}.Debug|Any CPU.Build.0 = Debug|Any CPU
		{D825348D-3882-4C0F-83F6-6AA308D3C927}.Release|Any CPU.ActiveCfg = Release|Any CPU
		{D825348D-3882-4C0F-83F6-6AA308D3C927}.Release|Any CPU.Build.0 = Release|Any CPU
		{E285EF21-927C-4BC6-8245-B36E678B95C1}.Debug|Any CPU.ActiveCfg = Debug|Any CPU
		{E285EF21-927C-4BC6-8245-B36E678B95C1}.Debug|Any CPU.Build.0 = Debug|Any CPU
		{E285EF21-927C-4BC6-8245-B36E678B95C1}.Release|Any CPU.ActiveCfg = Release|Any CPU
		{E285EF21-927C-4BC6-8245-B36E678B95C1}.Release|Any CPU.Build.0 = Release|Any CPU
		{20168E74-A9B8-456D-B2D7-FED601D02788}.Debug|Any CPU.ActiveCfg = Debug|Any CPU
		{20168E74-A9B8-456D-B2D7-FED601D02788}.Debug|Any CPU.Build.0 = Debug|Any CPU
		{20168E74-A9B8-456D-B2D7-FED601D02788}.Release|Any CPU.ActiveCfg = Release|Any CPU
		{20168E74-A9B8-456D-B2D7-FED601D02788}.Release|Any CPU.Build.0 = Release|Any CPU
		{74CA3BF1-6203-494D-9E0B-FAB43E90B301}.Debug|Any CPU.ActiveCfg = Debug|Any CPU
		{74CA3BF1-6203-494D-9E0B-FAB43E90B301}.Debug|Any CPU.Build.0 = Debug|Any CPU
		{74CA3BF1-6203-494D-9E0B-FAB43E90B301}.Release|Any CPU.ActiveCfg = Release|Any CPU
		{74CA3BF1-6203-494D-9E0B-FAB43E90B301}.Release|Any CPU.Build.0 = Release|Any CPU
	EndGlobalSection
	GlobalSection(SolutionProperties) = preSolution
		HideSolutionNode = FALSE
	EndGlobalSection
	GlobalSection(ExtensibilityGlobals) = postSolution
		SolutionGuid = {63C599F8-D0C5-4404-A75C-F67C3940CB69}
	EndGlobalSection
EndGlobal
